Microsoft Visual Studio Solution File, Format Version 12.00
# Visual Studio Version 17
VisualStudioVersion = 17.5.2.0
MinimumVisualStudioVersion = 10.0.40219.1
Project("{FAE04EC0-301F-11D3-BF4B-00C04F79EFBC}") = "ps1 v1", "ps1 v1.csproj", "{9292561A-E07B-F1AB-CA3D-EA9AB4C76567}"
EndProject
Global
	GlobalSection(SolutionConfigurationPlatforms) = preSolution
		Debug|Any CPU = Debug|Any CPU
		Release|Any CPU = Release|Any CPU
	EndGlobalSection
	GlobalSection(ProjectConfigurationPlatforms) = postSolution
		{9292561A-E07B-F1AB-CA3D-EA9AB4C76567}.Debug|Any CPU.ActiveCfg = Debug|Any CPU
		{9292561A-E07B-F1AB-CA3D-EA9AB4C76567}.Debug|Any CPU.Build.0 = Debug|Any CPU
		{9292561A-E07B-F1AB-CA3D-EA9AB4C76567}.Release|Any CPU.ActiveCfg = Release|Any CPU
		{9292561A-E07B-F1AB-CA3D-EA9AB4C76567}.Release|Any CPU.Build.0 = Release|Any CPU
	EndGlobalSection
	GlobalSection(SolutionProperties) = preSolution
		HideSolutionNode = FALSE
	EndGlobalSection
	GlobalSection(ExtensibilityGlobals) = postSolution
		SolutionGuid = {2FAE9761-5B97-4A08-9458-FA5A41B4A4E0}
	EndGlobalSection
EndGlobal
